
Microsoft Visual Studio Solution File, Format Version 12.00
# Visual Studio Version 17
VisualStudioVersion = 17.9.34714.143
MinimumVisualStudioVersion = 10.0.40219.1
Project("{FAE04EC0-301F-11D3-BF4B-00C04F79EFBC}") = "FieldsOfFortune", "FieldsOfFortune.csproj", "{FFCE772C-96EB-4D17-AB76-C5DB0997A049}"
EndProject
Global
	GlobalSection(SolutionConfigurationPlatforms) = preSolution
		Debug|Any CPU = Debug|Any CPU
		Release|Any CPU = Release|Any CPU
	EndGlobalSection
	GlobalSection(ProjectConfigurationPlatforms) = postSolution
		{FFCE772C-96EB-4D17-AB76-C5DB0997A049}.Debug|Any CPU.ActiveCfg = Debug|Any CPU
		{FFCE772C-96EB-4D17-AB76-C5DB0997A049}.Debug|Any CPU.Build.0 = Debug|Any CPU
		{FFCE772C-96EB-4D17-AB76-C5DB0997A049}.Release|Any CPU.ActiveCfg = Release|Any CPU
		{FFCE772C-96EB-4D17-AB76-C5DB0997A049}.Release|Any CPU.Build.0 = Release|Any CPU
	EndGlobalSection
	GlobalSection(SolutionProperties) = preSolution
		HideSolutionNode = FALSE
	EndGlobalSection
	GlobalSection(ExtensibilityGlobals) = postSolution
		SolutionGuid = {2F5DCCCE-4122-4EC9-8508-3B5AAF3A0B47}
	EndGlobalSection
EndGlobal
